
Microsoft Visual Studio Solution File, Format Version 12.00
# Visual Studio Version 17
VisualStudioVersion = 17.14.36414.22 d17.14
MinimumVisualStudioVersion = 10.0.40219.1
Project("{FAE04EC0-301F-11D3-BF4B-00C04F79EFBC}") = "UI1", "UI1.csproj", "{AC19CF81-1C12-4038-9081-8B1CDC102879}"
EndProject
Global
	GlobalSection(SolutionConfigurationPlatforms) = preSolution
		Debug|Any CPU = Debug|Any CPU
		Release|Any CPU = Release|Any CPU
	EndGlobalSection
	GlobalSection(ProjectConfigurationPlatforms) = postSolution
		{AC19CF81-1C12-4038-9081-8B1CDC102879}.Debug|Any CPU.ActiveCfg = Debug|Any CPU
		{AC19CF81-1C12-4038-9081-8B1CDC102879}.Debug|Any CPU.Build.0 = Debug|Any CPU
		{AC19CF81-1C12-4038-9081-8B1CDC102879}.Release|Any CPU.ActiveCfg = Release|Any CPU
		{AC19CF81-1C12-4038-9081-8B1CDC102879}.Release|Any CPU.Build.0 = Release|Any CPU
	EndGlobalSection
	GlobalSection(SolutionProperties) = preSolution
		HideSolutionNode = FALSE
	EndGlobalSection
	GlobalSection(ExtensibilityGlobals) = postSolution
		SolutionGuid = {E3FF102E-AC63-4E8F-B633-BC68EC7EBC42}
	EndGlobalSection
EndGlobal
